
Microsoft Visual Studio Solution File, Format Version 12.00
# Visual Studio Version 17
VisualStudioVersion = 17.8.34525.116
MinimumVisualStudioVersion = 10.0.40219.1
Project("{FAE04EC0-301F-11D3-BF4B-00C04F79EFBC}") = "AlifTask", "AlifTask.csproj", "{0D235B8D-1BA6-439E-B1AF-44C218CB2172}"
EndProject
Global
	GlobalSection(SolutionConfigurationPlatforms) = preSolution
		Debug|Any CPU = Debug|Any CPU
		Release|Any CPU = Release|Any CPU
	EndGlobalSection
	GlobalSection(ProjectConfigurationPlatforms) = postSolution
		{0D235B8D-1BA6-439E-B1AF-44C218CB2172}.Debug|Any CPU.ActiveCfg = Debug|Any CPU
		{0D235B8D-1BA6-439E-B1AF-44C218CB2172}.Debug|Any CPU.Build.0 = Debug|Any CPU
		{0D235B8D-1BA6-439E-B1AF-44C218CB2172}.Release|Any CPU.ActiveCfg = Release|Any CPU
		{0D235B8D-1BA6-439E-B1AF-44C218CB2172}.Release|Any CPU.Build.0 = Release|Any CPU
	EndGlobalSection
	GlobalSection(SolutionProperties) = preSolution
		HideSolutionNode = FALSE
	EndGlobalSection
	GlobalSection(ExtensibilityGlobals) = postSolution
		SolutionGuid = {AB8748A5-A359-4424-8133-8F1CB05F83D9}
	EndGlobalSection
EndGlobal
